version = 1
revision = 3
requires-python = ">=3.14"

[manifest]
requirements = [{ name = "bakefile", editable = "../../" }]

[[package]]
name = "annotated-types"
version = "0.7.0"
source = { registry = "https://pypi.org/simple" }
sdist = { url = "https://files.pythonhosted.org/packages/ee/67/531ea369ba64dcff5ec9c3402f9f51bf748cec26dde048a2f973a4eea7f5/annotated_types-0.7.0.tar.gz", hash = "sha256:aff07c09a53a08bc8cfccb9c85b05f1aa9a2a6f23728d790723543408344ce89", size = 16081, upload-time = "2024-05-20T21:33:25.928Z" }
wheels = [
    { url = "https://files.pythonhosted.org/packages/78/b6/6307fbef88d9b5ee7421e68d78a9f162e0da4900bc5f5793f6d3d0e34fb8/annotated_types-0.7.0-py3-none-any.whl", hash = "sha256:1f02e8b43a8fbbc3f3e0d4f0f4bfc8131bcb4eebe8849b8e5c773f3a1c582a53", size = 13643, upload-time = "2024-05-20T21:33:24.1Z" },
]

[[package]]
name = "bakefile"
version = "0.0.0"
source = { editable = "../../" }
dependencies = [
    { name = "beautysh" },
    { name = "click" },
    { name = "loguru" },
    { name = "orjson" },
    { name = "pydantic" },
    { name = "pydantic-settings" },
    { name = "rich" },
    { name = "ruff" },
    { name = "ty" },
    { name = "typer" },
    { name = "uv" },
]

[package.metadata]
requires-dist = [
    { name = "beautysh", specifier = ">=6.4.2" },
    { name = "click", specifier = ">=8.3.1" },
    { name = "loguru", specifier = ">=0.7.3" },
    { name = "orjson", specifier = ">=3.11.5" },
    { name = "pathspec", marker = "extra == 'lib'", specifier = ">=1.0.3" },
    { name = "pydantic", specifier = ">=2.12.5" },
    { name = "pydantic-settings", specifier = ">=2.0.0" },
    { name = "rich", specifier = ">=14.2.0" },
    { name = "ruff", specifier = ">=0.14.10" },
    { name = "tomli", marker = "python_full_version < '3.11'", specifier = ">=2.0.0" },
    { name = "ty", specifier = ">=0.0.8" },
    { name = "typer", specifier = ">=0.21.0" },
    { name = "uv", specifier = ">=0.9.20" },
]
provides-extras = ["lib"]

[package.metadata.requires-dev]
dev = [
    { name = "deptry", specifier = ">=0.24.0" },
    { name = "pre-commit", specifier = ">=4.5.1" },
    { name = "pytest", specifier = ">=9.0.2" },
    { name = "pytest-cov", specifier = ">=7.0.0" },
    { name = "toml-sort", specifier = ">=0.24.3" },
]

[[package]]
name = "beautysh"
version = "6.4.2"
source = { registry = "https://pypi.org/simple" }
dependencies = [
    { name = "colorama" },
    { name = "editorconfig" },
]
sdist = { url = "https://files.pythonhosted.org/packages/49/88/ce91f2dfb01112a39b2f36ae4296dcb49056cf2a3d0d39bd510bda3e4815/beautysh-6.4.2.tar.gz", hash = "sha256:e3d762006e8930e6fec8842adeb7e124c283bd63dbd83a1466f91e4caf5765b4", size = 73109, upload-time = "2025-11-18T22:36:06.265Z" }
wheels = [
    { url = "https://files.pythonhosted.org/packages/25/cb/1e7140c5207dba33e63e8bbcb5d201d918c5201ffb0e6b3be16813887013/beautysh-6.4.2-py3-none-any.whl", hash = "sha256:42bb7dc79d55fbb4734fb7d91c61b52da06abd11929d44a1616e4702335eaff5", size = 26371, upload-time = "2025-11-18T22:36:05.218Z" },
]

[[package]]
name = "click"
version = "8.3.1"
source = { registry = "https://pypi.org/simple" }
dependencies = [
    { name = "colorama", marker = "sys_platform == 'win32'" },
]
sdist = { url = "https://files.pythonhosted.org/packages/3d/fa/656b739db8587d7b5dfa22e22ed02566950fbfbcdc20311993483657a5c0/click-8.3.1.tar.gz", hash = "sha256:12ff4785d337a1bb490bb7e9c2b1ee5da3112e94a8622f26a6c77f5d2fc6842a", size = 295065, upload-time = "2025-11-15T20:45:42.706Z" }
wheels = [
    { url = "https://files.pythonhosted.org/packages/98/78/01c019cdb5d6498122777c1a43056ebb3ebfeef2076d9d026bfe15583b2b/click-8.3.1-py3-none-any.whl", hash = "sha256:981153a64e25f12d547d3426c367a4857371575ee7ad18df2a6183ab0545b2a6", size = 108274, upload-time = "2025-11-15T20:45:41.139Z" },
]

[[package]]
name = "colorama"
version = "0.4.6"
source = { registry = "https://pypi.org/simple" }
sdist = { url = "https://files.pythonhosted.org/packages/d8/53/6f443c9a4a8358a93a6792e2acffb9d9d5cb0a5cfd8802644b7b1c9a02e4/colorama-0.4.6.tar.gz", hash = "sha256:08695f5cb7ed6e0531a20572697297273c47b8cae5a63ffc6d6ed5c201be6e44", size = 27697, upload-time = "2022-10-25T02:36:22.414Z" }
wheels = [
    { url = "https://files.pythonhosted.org/packages/d1/d6/3965ed04c63042e047cb6a3e6ed1a63a35087b6a609aa3a15ed8ac56c221/colorama-0.4.6-py2.py3-none-any.whl", hash = "sha256:4f1d9991f5acc0ca119f9d443620b77f9d6b33703e51011c16baf57afb285fc6", size = 25335, upload-time = "2022-10-25T02:36:20.889Z" },
]

[[package]]
name = "editorconfig"
version = "0.17.1"
source = { registry = "https://pypi.org/simple" }
sdist = { url = "https://files.pythonhosted.org/packages/88/3a/a61d9a1f319a186b05d14df17daea42fcddea63c213bcd61a929fb3a6796/editorconfig-0.17.1.tar.gz", hash = "sha256:23c08b00e8e08cc3adcddb825251c497478df1dada6aefeb01e626ad37303745", size = 14695, upload-time = "2025-06-09T08:21:37.097Z" }
wheels = [
    { url = "https://files.pythonhosted.org/packages/96/fd/a40c621ff207f3ce8e484aa0fc8ba4eb6e3ecf52e15b42ba764b457a9550/editorconfig-0.17.1-py3-none-any.whl", hash = "sha256:1eda9c2c0db8c16dbd50111b710572a5e6de934e39772de1959d41f64fc17c82", size = 16360, upload-time = "2025-06-09T08:21:35.654Z" },
]

[[package]]
name = "loguru"
version = "0.7.3"
source = { registry = "https://pypi.org/simple" }
dependencies = [
    { name = "colorama", marker = "sys_platform == 'win32'" },
    { name = "win32-setctime", marker = "sys_platform == 'win32'" },
]
sdist = { url = "https://files.pythonhosted.org/packages/3a/05/a1dae3dffd1116099471c643b8924f5aa6524411dc6c63fdae648c4f1aca/loguru-0.7.3.tar.gz", hash = "sha256:19480589e77d47b8d85b2c827ad95d49bf31b0dcde16593892eb51dd18706eb6", size = 63559, upload-time = "2024-12-06T11:20:56.608Z" }
wheels = [
    { url = "https://files.pythonhosted.org/packages/0c/29/0348de65b8cc732daa3e33e67806420b2ae89bdce2b04af740289c5c6c8c/loguru-0.7.3-py3-none-any.whl", hash = "sha256:31a33c10c8e1e10422bfd431aeb5d351c7cf7fa671e3c4df004162264b28220c", size = 61595, upload-time = "2024-12-06T11:20:54.538Z" },
]

[[package]]
name = "markdown-it-py"
version = "4.0.0"
source = { registry = "https://pypi.org/simple" }
dependencies = [
    { name = "mdurl" },
]
sdist = { url = "https://files.pythonhosted.org/packages/5b/f5/4ec618ed16cc4f8fb3b701563655a69816155e79e24a17b651541804721d/markdown_it_py-4.0.0.tar.gz", hash = "sha256:cb0a2b4aa34f932c007117b194e945bd74e0ec24133ceb5bac59009cda1cb9f3", size = 73070, upload-time = "2025-08-11T12:57:52.854Z" }
wheels = [
    { url = "https://files.pythonhosted.org/packages/94/54/e7d793b573f298e1c9013b8c4dade17d481164aa517d1d7148619c2cedbf/markdown_it_py-4.0.0-py3-none-any.whl", hash = "sha256:87327c59b172c5011896038353a81343b6754500a08cd7a4973bb48c6d578147", size = 87321, upload-time = "2025-08-11T12:57:51.923Z" },
]

[[package]]
name = "mdurl"
version = "0.1.2"
source = { registry = "https://pypi.org/simple" }
sdist = { url = "https://files.pythonhosted.org/packages/d6/54/cfe61301667036ec958cb99bd3efefba235e65cdeb9c84d24a8293ba1d90/mdurl-0.1.2.tar.gz", hash = "sha256:bb413d29f5eea38f31dd4754dd7377d4465116fb207585f97bf925588687c1ba", size = 8729, upload-time = "2022-08-14T12:40:10.846Z" }
wheels = [
    { url = "https://files.pythonhosted.org/packages/b3/38/89ba8ad64ae25be8de66a6d463314cf1eb366222074cfda9ee839c56a4b4/mdurl-0.1.2-py3-none-any.whl", hash = "sha256:84008a41e51615a49fc9966191ff91509e3c40b939176e643fd50a5c2196b8f8", size = 9979, upload-time = "2022-08-14T12:40:09.779Z" },
]

[[package]]
name = "orjson"
version = "3.11.5"
source = { registry = "https://pypi.org/simple" }
sdist = { url = "https://files.pythonhosted.org/packages/04/b8/333fdb27840f3bf04022d21b654a35f58e15407183aeb16f3b41aa053446/orjson-3.11.5.tar.gz", hash = "sha256:82393ab47b4fe44ffd0a7659fa9cfaacc717eb617c93cde83795f14af5c2e9d5", size = 5972347, upload-time = "2025-12-06T15:55:39.458Z" }
wheels = [
    { url = "https://files.pythonhosted.org/packages/c2/60/77d7b839e317ead7bb225d55bb50f7ea75f47afc489c81199befc5435b50/orjson-3.11.5-cp314-cp314-macosx_10_15_x86_64.macosx_11_0_arm64.macosx_10_15_universal2.whl", hash = "sha256:e446a8ea0a4c366ceafc7d97067bfd55292969143b57e3c846d87fc701e797a0", size = 245252, upload-time = "2025-12-06T15:55:01.127Z" },
    { url = "https://files.pythonhosted.org/packages/f1/aa/d4639163b400f8044cef0fb9aa51b0337be0da3a27187a20d1166e742370/orjson-3.11.5-cp314-cp314-macosx_15_0_arm64.whl", hash = "sha256:53deb5addae9c22bbe3739298f5f2196afa881ea75944e7720681c7080909a81", size = 129419, upload-time = "2025-12-06T15:55:02.723Z" },
    { url = "https://files.pythonhosted.org/packages/30/94/9eabf94f2e11c671111139edf5ec410d2f21e6feee717804f7e8872d883f/orjson-3.11.5-cp314-cp314-manylinux_2_17_aarch64.manylinux2014_aarch64.whl", hash = "sha256:82cd00d49d6063d2b8791da5d4f9d20539c5951f965e45ccf4e96d33505ce68f", size = 132050, upload-time = "2025-12-06T15:55:03.918Z" },
    { url = "https://files.pythonhosted.org/packages/3d/c8/ca10f5c5322f341ea9a9f1097e140be17a88f88d1cfdd29df522970d9744/orjson-3.11.5-cp314-cp314-manylinux_2_17_armv7l.manylinux2014_armv7l.whl", hash = "sha256:3fd15f9fc8c203aeceff4fda211157fad114dde66e92e24097b3647a08f4ee9e", size = 130370, upload-time = "2025-12-06T15:55:05.173Z" },
    { url = "https://files.pythonhosted.org/packages/25/d4/e96824476d361ee2edd5c6290ceb8d7edf88d81148a6ce172fc00278ca7f/orjson-3.11.5-cp314-cp314-manylinux_2_17_i686.manylinux2014_i686.whl", hash = "sha256:9df95000fbe6777bf9820ae82ab7578e8662051bb5f83d71a28992f539d2cda7", size = 136012, upload-time = "2025-12-06T15:55:06.402Z" },
    { url = "https://files.pythonhosted.org/packages/85/8e/9bc3423308c425c588903f2d103cfcfe2539e07a25d6522900645a6f257f/orjson-3.11.5-cp314-cp314-manylinux_2_17_ppc64le.manylinux2014_ppc64le.whl", hash = "sha256:92a8d676748fca47ade5bc3da7430ed7767afe51b2f8100e3cd65e151c0eaceb", size = 139809, upload-time = "2025-12-06T15:55:07.656Z" },
    { url = "https://files.pythonhosted.org/packages/e9/3c/b404e94e0b02a232b957c54643ce68d0268dacb67ac33ffdee24008c8b27/orjson-3.11.5-cp314-cp314-manylinux_2_17_s390x.manylinux2014_s390x.whl", hash = "sha256:aa0f513be38b40234c77975e68805506cad5d57b3dfd8fe3baa7f4f4051e15b4", size = 137332, upload-time = "2025-12-06T15:55:08.961Z" },
    { url = "https://files.pythonhosted.org/packages/51/30/cc2d69d5ce0ad9b84811cdf4a0cd5362ac27205a921da524ff42f26d65e0/orjson-3.11.5-cp314-cp314-manylinux_2_17_x86_64.manylinux2014_x86_64.whl", hash = "sha256:fa1863e75b92891f553b7922ce4ee10ed06db061e104f2b7815de80cdcb135ad", size = 138983, upload-time = "2025-12-06T15:55:10.595Z" },
    { url = "https://files.pythonhosted.org/packages/0e/87/de3223944a3e297d4707d2fe3b1ffb71437550e165eaf0ca8bbe43ccbcb1/orjson-3.11.5-cp314-cp314-musllinux_1_2_aarch64.whl", hash = "sha256:d4be86b58e9ea262617b8ca6251a2f0d63cc132a6da4b5fcc8e0a4128782c829", size = 141069, upload-time = "2025-12-06T15:55:11.832Z" },
    { url = "https://files.pythonhosted.org/packages/65/30/81d5087ae74be33bcae3ff2d80f5ccaa4a8fedc6d39bf65a427a95b8977f/orjson-3.11.5-cp314-cp314-musllinux_1_2_armv7l.whl", hash = "sha256:b923c1c13fa02084eb38c9c065afd860a5cff58026813319a06949c3af5732ac", size = 413491, upload-time = "2025-12-06T15:55:13.314Z" },
    { url = "https://files.pythonhosted.org/packages/d0/6f/f6058c21e2fc1efaf918986dbc2da5cd38044f1a2d4b7b91ad17c4acf786/orjson-3.11.5-cp314-cp314-musllinux_1_2_i686.whl", hash = "sha256:1b6bd351202b2cd987f35a13b5e16471cf4d952b42a73c391cc537974c43ef6d", size = 151375, upload-time = "2025-12-06T15:55:14.715Z" },
    { url = "https://files.pythonhosted.org/packages/54/92/c6921f17d45e110892899a7a563a925b2273d929959ce2ad89e2525b885b/orjson-3.11.5-cp314-cp314-musllinux_1_2_x86_64.whl", hash = "sha256:bb150d529637d541e6af06bbe3d02f5498d628b7f98267ff87647584293ab439", size = 141850, upload-time = "2025-12-06T15:55:15.94Z" },
    { url = "https://files.pythonhosted.org/packages/88/86/cdecb0140a05e1a477b81f24739da93b25070ee01ce7f7242f44a6437594/orjson-3.11.5-cp314-cp314-win32.whl", hash = "sha256:9cc1e55c884921434a84a0c3dd2699eb9f92e7b441d7f53f3941079ec6ce7499", size = 135278, upload-time = "2025-12-06T15:55:17.202Z" },
    { url = "https://files.pythonhosted.org/packages/e4/97/b638d69b1e947d24f6109216997e38922d54dcdcdb1b11c18d7efd2d3c59/orjson-3.11.5-cp314-cp314-win_amd64.whl", hash = "sha256:a4f3cb2d874e03bc7767c8f88adaa1a9a05cecea3712649c3b58589ec7317310", size = 133170, upload-time = "2025-12-06T15:55:18.468Z" },
    { url = "https://files.pythonhosted.org/packages/8f/dd/f4fff4a6fe601b4f8f3ba3aa6da8ac33d17d124491a3b804c662a70e1636/orjson-3.11.5-cp314-cp314-win_arm64.whl", hash = "sha256:38b22f476c351f9a1c43e5b07d8b5a02eb24a6ab8e75f700f7d479d4568346a5", size = 126713, upload-time = "2025-12-06T15:55:19.738Z" },
]

[[package]]
name = "pydantic"
version = "2.12.5"
source = { registry = "https://pypi.org/simple" }
dependencies = [
    { name = "annotated-types" },
    { name = "pydantic-core" },
    { name = "typing-extensions" },
    { name = "typing-inspection" },
]
sdist = { url = "https://files.pythonhosted.org/packages/69/44/36f1a6e523abc58ae5f928898e4aca2e0ea509b5aa6f6f392a5d882be928/pydantic-2.12.5.tar.gz", hash = "sha256:4d351024c75c0f085a9febbb665ce8c0c6ec5d30e903bdb6394b7ede26aebb49", size = 821591, upload-time = "2025-11-26T15:11:46.471Z" }
wheels = [
    { url = "https://files.pythonhosted.org/packages/5a/87/b70ad306ebb6f9b585f114d0ac2137d792b48be34d732d60e597c2f8465a/pydantic-2.12.5-py3-none-any.whl", hash = "sha256:e561593fccf61e8a20fc46dfc2dfe075b8be7d0188df33f221ad1f0139180f9d", size = 463580, upload-time = "2025-11-26T15:11:44.605Z" },
]

[[package]]
name = "pydantic-core"
version = "2.41.5"
source = { registry = "https://pypi.org/simple" }
dependencies = [
    { name = "typing-extensions" },
]
sdist = { url = "https://files.pythonhosted.org/packages/71/70/23b021c950c2addd24ec408e9ab05d59b035b39d97cdc1130e1bce647bb6/pydantic_core-2.41.5.tar.gz", hash = "sha256:08daa51ea16ad373ffd5e7606252cc32f07bc72b28284b6bc9c6df804816476e", size = 460952, upload-time = "2025-11-04T13:43:49.098Z" }
wheels = [
    { url = "https://files.pythonhosted.org/packages/ea/28/46b7c5c9635ae96ea0fbb779e271a38129df2550f763937659ee6c5dbc65/pydantic_core-2.41.5-cp314-cp314-macosx_10_12_x86_64.whl", hash = "sha256:3f37a19d7ebcdd20b96485056ba9e8b304e27d9904d233d7b1015db320e51f0a", size = 2119622, upload-time = "2025-11-04T13:40:56.68Z" },
    { url = "https://files.pythonhosted.org/packages/74/1a/145646e5687e8d9a1e8d09acb278c8535ebe9e972e1f162ed338a622f193/pydantic_core-2.41.5-cp314-cp314-macosx_11_0_arm64.whl", hash = "sha256:1d1d9764366c73f996edd17abb6d9d7649a7eb690006ab6adbda117717099b14", size = 1891725, upload-time = "2025-11-04T13:40:58.807Z" },
    { url = "https://files.pythonhosted.org/packages/23/04/e89c29e267b8060b40dca97bfc64a19b2a3cf99018167ea1677d96368273/pydantic_core-2.41.5-cp314-cp314-manylinux_2_17_aarch64.manylinux2014_aarch64.whl", hash = "sha256:25e1c2af0fce638d5f1988b686f3b3ea8cd7de5f244ca147c777769e798a9cd1", size = 1915040, upload-time = "2025-11-04T13:41:00.853Z" },
    { url = "https://files.pythonhosted.org/packages/84/a3/15a82ac7bd97992a82257f777b3583d3e84bdb06ba6858f745daa2ec8a85/pydantic_core-2.41.5-cp314-cp314-manylinux_2_17_armv7l.manylinux2014_armv7l.whl", hash = "sha256:506d766a8727beef16b7adaeb8ee6217c64fc813646b424d0804d67c16eddb66", size = 2063691, upload-time = "2025-11-04T13:41:03.504Z" },
    { url = "https://files.pythonhosted.org/packages/74/9b/0046701313c6ef08c0c1cf0e028c67c770a4e1275ca73131563c5f2a310a/pydantic_core-2.41.5-cp314-cp314-manylinux_2_17_ppc64le.manylinux2014_ppc64le.whl", hash = "sha256:4819fa52133c9aa3c387b3328f25c1facc356491e6135b459f1de698ff64d869", size = 2213897, upload-time = "2025-11-04T13:41:05.804Z" },
    { url = "https://files.pythonhosted.org/packages/8a/cd/6bac76ecd1b27e75a95ca3a9a559c643b3afcd2dd62086d4b7a32a18b169/pydantic_core-2.41.5-cp314-cp314-manylinux_2_17_s390x.manylinux2014_s390x.whl", hash = "sha256:2b761d210c9ea91feda40d25b4efe82a1707da2ef62901466a42492c028553a2", size = 2333302, upload-time = "2025-11-04T13:41:07.809Z" },
    { url = "https://files.pythonhosted.org/packages/4c/d2/ef2074dc020dd6e109611a8be4449b98cd25e1b9b8a303c2f0fca2f2bcf7/pydantic_core-2.41.5-cp314-cp314-manylinux_2_17_x86_64.manylinux2014_x86_64.whl", hash = "sha256:22f0fb8c1c583a3b6f24df2470833b40207e907b90c928cc8d3594b76f874375", size = 2064877, upload-time = "2025-11-04T13:41:09.827Z" },
    { url = "https://files.pythonhosted.org/packages/18/66/e9db17a9a763d72f03de903883c057b2592c09509ccfe468187f2a2eef29/pydantic_core-2.41.5-cp314-cp314-manylinux_2_5_i686.manylinux1_i686.whl", hash = "sha256:2782c870e99878c634505236d81e5443092fba820f0373997ff75f90f68cd553", size = 2180680, upload-time = "2025-11-04T13:41:12.379Z" },
    { url = "https://files.pythonhosted.org/packages/d3/9e/3ce66cebb929f3ced22be85d4c2399b8e85b622db77dad36b73c5387f8f8/pydantic_core-2.41.5-cp314-cp314-musllinux_1_1_aarch64.whl", hash = "sha256:0177272f88ab8312479336e1d777f6b124537d47f2123f89cb37e0accea97f90", size = 2138960, upload-time = "2025-11-04T13:41:14.627Z" },
    { url = "https://files.pythonhosted.org/packages/a6/62/205a998f4327d2079326b01abee48e502ea739d174f0a89295c481a2272e/pydantic_core-2.41.5-cp314-cp314-musllinux_1_1_armv7l.whl", hash = "sha256:63510af5e38f8955b8ee5687740d6ebf7c2a0886d15a6d65c32814613681bc07", size = 2339102, upload-time = "2025-11-04T13:41:16.868Z" },
    { url = "https://files.pythonhosted.org/packages/3c/0d/f05e79471e889d74d3d88f5bd20d0ed189ad94c2423d81ff8d0000aab4ff/pydantic_core-2.41.5-cp314-cp314-musllinux_1_1_x86_64.whl", hash = "sha256:e56ba91f47764cc14f1daacd723e3e82d1a89d783f0f5afe9c364b8bb491ccdb", size = 2326039, upload-time = "2025-11-04T13:41:18.934Z" },
    { url = "https://files.pythonhosted.org/packages/ec/e1/e08a6208bb100da7e0c4b288eed624a703f4d129bde2da475721a80cab32/pydantic_core-2.41.5-cp314-cp314-win32.whl", hash = "sha256:aec5cf2fd867b4ff45b9959f8b20ea3993fc93e63c7363fe6851424c8a7e7c23", size = 1995126, upload-time = "2025-11-04T13:41:21.418Z" },
    { url = "https://files.pythonhosted.org/packages/48/5d/56ba7b24e9557f99c9237e29f5c09913c81eeb2f3217e40e922353668092/pydantic_core-2.41.5-cp314-cp314-win_amd64.whl", hash = "sha256:8e7c86f27c585ef37c35e56a96363ab8de4e549a95512445b85c96d3e2f7c1bf", size = 2015489, upload-time = "2025-11-04T13:41:24.076Z" },
    { url = "https://files.pythonhosted.org/packages/4e/bb/f7a190991ec9e3e0ba22e4993d8755bbc4a32925c0b5b42775c03e8148f9/pydantic_core-2.41.5-cp314-cp314-win_arm64.whl", hash = "sha256:e672ba74fbc2dc8eea59fb6d4aed6845e6905fc2a8afe93175d94a83ba2a01a0", size = 1977288, upload-time = "2025-11-04T13:41:26.33Z" },
    { url = "https://files.pythonhosted.org/packages/92/ed/77542d0c51538e32e15afe7899d79efce4b81eee631d99850edc2f5e9349/pydantic_core-2.41.5-cp314-cp314t-macosx_10_12_x86_64.whl", hash = "sha256:8566def80554c3faa0e65ac30ab0932b9e3a5cd7f8323764303d468e5c37595a", size = 2120255, upload-time = "2025-11-04T13:41:28.569Z" },
    { url = "https://files.pythonhosted.org/packages/bb/3d/6913dde84d5be21e284439676168b28d8bbba5600d838b9dca99de0fad71/pydantic_core-2.41.5-cp314-cp314t-macosx_11_0_arm64.whl", hash = "sha256:b80aa5095cd3109962a298ce14110ae16b8c1aece8b72f9dafe81cf597ad80b3", size = 1863760, upload-time = "2025-11-04T13:41:31.055Z" },
    { url = "https://files.pythonhosted.org/packages/5a/f0/e5e6b99d4191da102f2b0eb9687aaa7f5bea5d9964071a84effc3e40f997/pydantic_core-2.41.5-cp314-cp314t-manylinux_2_17_aarch64.manylinux2014_aarch64.whl", hash = "sha256:3006c3dd9ba34b0c094c544c6006cc79e87d8612999f1a5d43b769b89181f23c", size = 1878092, upload-time = "2025-11-04T13:41:33.21Z" },
    { url = "https://files.pythonhosted.org/packages/71/48/36fb760642d568925953bcc8116455513d6e34c4beaa37544118c36aba6d/pydantic_core-2.41.5-cp314-cp314t-manylinux_2_17_armv7l.manylinux2014_armv7l.whl", hash = "sha256:72f6c8b11857a856bcfa48c86f5368439f74453563f951e473514579d44aa612", size = 2053385, upload-time = "2025-11-04T13:41:35.508Z" },
    { url = "https://files.pythonhosted.org/packages/20/25/92dc684dd8eb75a234bc1c764b4210cf2646479d54b47bf46061657292a8/pydantic_core-2.41.5-cp314-cp314t-manylinux_2_17_ppc64le.manylinux2014_ppc64le.whl", hash = "sha256:5cb1b2f9742240e4bb26b652a5aeb840aa4b417c7748b6f8387927bc6e45e40d", size = 2218832, upload-time = "2025-11-04T13:41:37.732Z" },
    { url = "https://files.pythonhosted.org/packages/e2/09/f53e0b05023d3e30357d82eb35835d0f6340ca344720a4599cd663dca599/pydantic_core-2.41.5-cp314-cp314t-manylinux_2_17_s390x.manylinux2014_s390x.whl", hash = "sha256:bd3d54f38609ff308209bd43acea66061494157703364ae40c951f83ba99a1a9", size = 2327585, upload-time = "2025-11-04T13:41:40Z" },
    { url = "https://files.pythonhosted.org/packages/aa/4e/2ae1aa85d6af35a39b236b1b1641de73f5a6ac4d5a7509f77b814885760c/pydantic_core-2.41.5-cp314-cp314t-manylinux_2_17_x86_64.manylinux2014_x86_64.whl", hash = "sha256:2ff4321e56e879ee8d2a879501c8e469414d948f4aba74a2d4593184eb326660", size = 2041078, upload-time = "2025-11-04T13:41:42.323Z" },
    { url = "https://files.pythonhosted.org/packages/cd/13/2e215f17f0ef326fc72afe94776edb77525142c693767fc347ed6288728d/pydantic_core-2.41.5-cp314-cp314t-manylinux_2_5_i686.manylinux1_i686.whl", hash = "sha256:d0d2568a8c11bf8225044aa94409e21da0cb09dcdafe9ecd10250b2baad531a9", size = 2173914, upload-time = "2025-11-04T13:41:45.221Z" },
    { url = "https://files.pythonhosted.org/packages/02/7a/f999a6dcbcd0e5660bc348a3991c8915ce6599f4f2c6ac22f01d7a10816c/pydantic_core-2.41.5-cp314-cp314t-musllinux_1_1_aarch64.whl", hash = "sha256:a39455728aabd58ceabb03c90e12f71fd30fa69615760a075b9fec596456ccc3", size = 2129560, upload-time = "2025-11-04T13:41:47.474Z" },
    { url = "https://files.pythonhosted.org/packages/3a/b1/6c990ac65e3b4c079a4fb9f5b05f5b013afa0f4ed6780a3dd236d2cbdc64/pydantic_core-2.41.5-cp314-cp314t-musllinux_1_1_armv7l.whl", hash = "sha256:239edca560d05757817c13dc17c50766136d21f7cd0fac50295499ae24f90fdf", size = 2329244, upload-time = "2025-11-04T13:41:49.992Z" },
    { url = "https://files.pythonhosted.org/packages/d9/02/3c562f3a51afd4d88fff8dffb1771b30cfdfd79befd9883ee094f5b6c0d8/pydantic_core-2.41.5-cp314-cp314t-musllinux_1_1_x86_64.whl", hash = "sha256:2a5e06546e19f24c6a96a129142a75cee553cc018ffee48a460059b1185f4470", size = 2331955, upload-time = "2025-11-04T13:41:54.079Z" },
    { url = "https://files.pythonhosted.org/packages/5c/96/5fb7d8c3c17bc8c62fdb031c47d77a1af698f1d7a406b0f79aaa1338f9ad/pydantic_core-2.41.5-cp314-cp314t-win32.whl", hash = "sha256:b4ececa40ac28afa90871c2cc2b9ffd2ff0bf749380fbdf57d165fd23da353aa", size = 1988906, upload-time = "2025-11-04T13:41:56.606Z" },
    { url = "https://files.pythonhosted.org/packages/22/ed/182129d83032702912c2e2d8bbe33c036f342cc735737064668585dac28f/pydantic_core-2.41.5-cp314-cp314t-win_amd64.whl", hash = "sha256:80aa89cad80b32a912a65332f64a4450ed00966111b6615ca6816153d3585a8c", size = 1981607, upload-time = "2025-11-04T13:41:58.889Z" },
    { url = "https://files.pythonhosted.org/packages/9f/ed/068e41660b832bb0b1aa5b58011dea2a3fe0ba7861ff38c4d4904c1c1a99/pydantic_core-2.41.5-cp314-cp314t-win_arm64.whl", hash = "sha256:35b44f37a3199f771c3eaa53051bc8a70cd7b54f333531c59e29fd4db5d15008", size = 1974769, upload-time = "2025-11-04T13:42:01.186Z" },
]

[[package]]
name = "pydantic-settings"
version = "2.12.0"
source = { registry = "https://pypi.org/simple" }
dependencies = [
    { name = "pydantic" },
    { name = "python-dotenv" },
    { name = "typing-inspection" },
]
sdist = { url = "https://files.pythonhosted.org/packages/43/4b/ac7e0aae12027748076d72a8764ff1c9d82ca75a7a52622e67ed3f765c54/pydantic_settings-2.12.0.tar.gz", hash = "sha256:005538ef951e3c2a68e1c08b292b5f2e71490def8589d4221b95dab00dafcfd0", size = 194184, upload-time = "2025-11-10T14:25:47.013Z" }
wheels = [
    { url = "https://files.pythonhosted.org/packages/c1/60/5d4751ba3f4a40a6891f24eec885f51afd78d208498268c734e256fb13c4/pydantic_settings-2.12.0-py3-none-any.whl", hash = "sha256:fddb9fd99a5b18da837b29710391e945b1e30c135477f484084ee513adb93809", size = 51880, upload-time = "2025-11-10T14:25:45.546Z" },
]

[[package]]
name = "pygments"
version = "2.19.2"
source = { registry = "https://pypi.org/simple" }
sdist = { url = "https://files.pythonhosted.org/packages/b0/77/a5b8c569bf593b0140bde72ea885a803b82086995367bf2037de0159d924/pygments-2.19.2.tar.gz", hash = "sha256:636cb2477cec7f8952536970bc533bc43743542f70392ae026374600add5b887", size = 4968631, upload-time = "2025-06-21T13:39:12.283Z" }
wheels = [
    { url = "https://files.pythonhosted.org/packages/c7/21/705964c7812476f378728bdf590ca4b771ec72385c533964653c68e86bdc/pygments-2.19.2-py3-none-any.whl", hash = "sha256:86540386c03d588bb81d44bc3928634ff26449851e99741617ecb9037ee5ec0b", size = 1225217, upload-time = "2025-06-21T13:39:07.939Z" },
]

[[package]]
name = "python-dotenv"
version = "1.2.1"
source = { registry = "https://pypi.org/simple" }
sdist = { url = "https://files.pythonhosted.org/packages/f0/26/19cadc79a718c5edbec86fd4919a6b6d3f681039a2f6d66d14be94e75fb9/python_dotenv-1.2.1.tar.gz", hash = "sha256:42667e897e16ab0d66954af0e60a9caa94f0fd4ecf3aaf6d2d260eec1aa36ad6", size = 44221, upload-time = "2025-10-26T15:12:10.434Z" }
wheels = [
    { url = "https://files.pythonhosted.org/packages/14/1b/a298b06749107c305e1fe0f814c6c74aea7b2f1e10989cb30f544a1b3253/python_dotenv-1.2.1-py3-none-any.whl", hash = "sha256:b81ee9561e9ca4004139c6cbba3a238c32b03e4894671e181b671e8cb8425d61", size = 21230, upload-time = "2025-10-26T15:12:09.109Z" },
]

[[package]]
name = "rich"
version = "14.2.0"
source = { registry = "https://pypi.org/simple" }
dependencies = [
    { name = "markdown-it-py" },
    { name = "pygments" },
]
sdist = { url = "https://files.pythonhosted.org/packages/fb/d2/8920e102050a0de7bfabeb4c4614a49248cf8d5d7a8d01885fbb24dc767a/rich-14.2.0.tar.gz", hash = "sha256:73ff50c7c0c1c77c8243079283f4edb376f0f6442433aecb8ce7e6d0b92d1fe4", size = 219990, upload-time = "2025-10-09T14:16:53.064Z" }
wheels = [
    { url = "https://files.pythonhosted.org/packages/25/7a/b0178788f8dc6cafce37a212c99565fa1fe7872c70c6c9c1e1a372d9d88f/rich-14.2.0-py3-none-any.whl", hash = "sha256:76bc51fe2e57d2b1be1f96c524b890b816e334ab4c1e45888799bfaab0021edd", size = 243393, upload-time = "2025-10-09T14:16:51.245Z" },
]

[[package]]
name = "ruff"
version = "0.14.13"
source = { registry = "https://pypi.org/simple" }
sdist = { url = "https://files.pythonhosted.org/packages/50/0a/1914efb7903174b381ee2ffeebb4253e729de57f114e63595114c8ca451f/ruff-0.14.13.tar.gz", hash = "sha256:83cd6c0763190784b99650a20fec7633c59f6ebe41c5cc9d45ee42749563ad47", size = 6059504, upload-time = "2026-01-15T20:15:16.918Z" }
wheels = [
    { url = "https://files.pythonhosted.org/packages/c3/ae/0deefbc65ca74b0ab1fd3917f94dc3b398233346a74b8bbb0a916a1a6bf6/ruff-0.14.13-py3-none-linux_armv6l.whl", hash = "sha256:76f62c62cd37c276cb03a275b198c7c15bd1d60c989f944db08a8c1c2dbec18b", size = 13062418, upload-time = "2026-01-15T20:14:50.779Z" },
    { url = "https://files.pythonhosted.org/packages/47/df/5916604faa530a97a3c154c62a81cb6b735c0cb05d1e26d5ad0f0c8ac48a/ruff-0.14.13-py3-none-macosx_10_12_x86_64.whl", hash = "sha256:914a8023ece0528d5cc33f5a684f5f38199bbb566a04815c2c211d8f40b5d0ed", size = 13442344, upload-time = "2026-01-15T20:15:07.94Z" },
    { url = "https://files.pythonhosted.org/packages/4c/f3/e0e694dd69163c3a1671e102aa574a50357536f18a33375050334d5cd517/ruff-0.14.13-py3-none-macosx_11_0_arm64.whl", hash = "sha256:d24899478c35ebfa730597a4a775d430ad0d5631b8647a3ab368c29b7e7bd063", size = 12354720, upload-time = "2026-01-15T20:15:09.854Z" },
    { url = "https://files.pythonhosted.org/packages/c3/e8/67f5fcbbaee25e8fc3b56cc33e9892eca7ffe09f773c8e5907757a7e3bdb/ruff-0.14.13-py3-none-manylinux_2_17_aarch64.manylinux2014_aarch64.whl", hash = "sha256:9aaf3870f14d925bbaf18b8a2347ee0ae7d95a2e490e4d4aea6813ed15ebc80e", size = 12774493, upload-time = "2026-01-15T20:15:20.908Z" },
    { url = "https://files.pythonhosted.org/packages/6b/ce/d2e9cb510870b52a9565d885c0d7668cc050e30fa2c8ac3fb1fda15c083d/ruff-0.14.13-py3-none-manylinux_2_17_armv7l.manylinux2014_armv7l.whl", hash = "sha256:ac5b7f63dd3b27cc811850f5ffd8fff845b00ad70e60b043aabf8d6ecc304e09", size = 12815174, upload-time = "2026-01-15T20:15:05.74Z" },
    { url = "https://files.pythonhosted.org/packages/88/00/c38e5da58beebcf4fa32d0ddd993b63dfacefd02ab7922614231330845bf/ruff-0.14.13-py3-none-manylinux_2_17_i686.manylinux2014_i686.whl", hash = "sha256:78d2b1097750d90ba82ce4ba676e85230a0ed694178ca5e61aa9b459970b3eb9", size = 13680909, upload-time = "2026-01-15T20:15:14.537Z" },
    { url = "https://files.pythonhosted.org/packages/61/61/cd37c9dd5bd0a3099ba79b2a5899ad417d8f3b04038810b0501a80814fd7/ruff-0.14.13-py3-none-manylinux_2_17_ppc64.manylinux2014_ppc64.whl", hash = "sha256:7d0bf87705acbbcb8d4c24b2d77fbb73d40210a95c3903b443cd9e30824a5032", size = 15144215, upload-time = "2026-01-15T20:15:22.886Z" },
    { url = "https://files.pythonhosted.org/packages/56/8a/85502d7edbf98c2df7b8876f316c0157359165e16cdf98507c65c8d07d3d/ruff-0.14.13-py3-none-manylinux_2_17_ppc64le.manylinux2014_ppc64le.whl", hash = "sha256:a3eb5da8e2c9e9f13431032fdcbe7681de9ceda5835efee3269417c13f1fed5c", size = 14706067, upload-time = "2026-01-15T20:14:48.271Z" },
    { url = "https://files.pythonhosted.org/packages/7e/2f/de0df127feb2ee8c1e54354dc1179b4a23798f0866019528c938ba439aca/ruff-0.14.13-py3-none-manylinux_2_17_s390x.manylinux2014_s390x.whl", hash = "sha256:642442b42957093811cd8d2140dfadd19c7417030a7a68cf8d51fcdd5f217427", size = 14133916, upload-time = "2026-01-15T20:14:57.357Z" },
    { url = "https://files.pythonhosted.org/packages/0d/77/9b99686bb9fe07a757c82f6f95e555c7a47801a9305576a9c67e0a31d280/ruff-0.14.13-py3-none-manylinux_2_17_x86_64.manylinux2014_x86_64.whl", hash = "sha256:4acdf009f32b46f6e8864af19cbf6841eaaed8638e65c8dac845aea0d703c841", size = 13859207, upload-time = "2026-01-15T20:14:55.111Z" },
    { url = "https://files.pythonhosted.org/packages/7d/46/2bdcb34a87a179a4d23022d818c1c236cb40e477faf0d7c9afb6813e5876/ruff-0.14.13-py3-none-manylinux_2_31_riscv64.whl", hash = "sha256:591a7f68860ea4e003917d19b5c4f5ac39ff558f162dc753a2c5de897fd5502c", size = 14043686, upload-time = "2026-01-15T20:14:52.841Z" },
    { url = "https://files.pythonhosted.org/packages/1a/a9/5c6a4f56a0512c691cf143371bcf60505ed0f0860f24a85da8bd123b2bf1/ruff-0.14.13-py3-none-musllinux_1_2_aarch64.whl", hash = "sha256:774c77e841cc6e046fc3e91623ce0903d1cd07e3a36b1a9fe79b81dab3de506b", size = 12663837, upload-time = "2026-01-15T20:15:18.921Z" },
    { url = "https://files.pythonhosted.org/packages/fe/bb/b920016ece7651fa7fcd335d9d199306665486694d4361547ccb19394c44/ruff-0.14.13-py3-none-musllinux_1_2_armv7l.whl", hash = "sha256:61f4e40077a1248436772bb6512db5fc4457fe4c49e7a94ea7c5088655dd21ae", size = 12805867, upload-time = "2026-01-15T20:14:59.272Z" },
    { url = "https://files.pythonhosted.org/packages/7d/b3/0bd909851e5696cd21e32a8fc25727e5f58f1934b3596975503e6e85415c/ruff-0.14.13-py3-none-musllinux_1_2_i686.whl", hash = "sha256:6d02f1428357fae9e98ac7aa94b7e966fd24151088510d32cf6f902d6c09235e", size = 13208528, upload-time = "2026-01-15T20:15:03.732Z" },
    { url = "https://files.pythonhosted.org/packages/3b/3b/e2d94cb613f6bbd5155a75cbe072813756363eba46a3f2177a1fcd0cd670/ruff-0.14.13-py3-none-musllinux_1_2_x86_64.whl", hash = "sha256:e399341472ce15237be0c0ae5fbceca4b04cd9bebab1a2b2c979e015455d8f0c", size = 13929242, upload-time = "2026-01-15T20:15:11.918Z" },
    { url = "https://files.pythonhosted.org/packages/6a/c5/abd840d4132fd51a12f594934af5eba1d5d27298a6f5b5d6c3be45301caf/ruff-0.14.13-py3-none-win32.whl", hash = "sha256:ef720f529aec113968b45dfdb838ac8934e519711da53a0456038a0efecbd680", size = 12919024, upload-time = "2026-01-15T20:14:43.647Z" },
    { url = "https://files.pythonhosted.org/packages/c2/55/6384b0b8ce731b6e2ade2b5449bf07c0e4c31e8a2e68ea65b3bafadcecc5/ruff-0.14.13-py3-none-win_amd64.whl", hash = "sha256:6070bd026e409734b9257e03e3ef18c6e1a216f0435c6751d7a8ec69cb59abef", size = 14097887, upload-time = "2026-01-15T20:15:01.48Z" },
    { url = "https://files.pythonhosted.org/packages/4d/e1/7348090988095e4e39560cfc2f7555b1b2a7357deba19167b600fdf5215d/ruff-0.14.13-py3-none-win_arm64.whl", hash = "sha256:7ab819e14f1ad9fe39f246cfcc435880ef7a9390d81a2b6ac7e01039083dd247", size = 13080224, upload-time = "2026-01-15T20:14:45.853Z" },
]

[[package]]
name = "shellingham"
version = "1.5.4"
source = { registry = "https://pypi.org/simple" }
sdist = { url = "https://files.pythonhosted.org/packages/58/15/8b3609fd3830ef7b27b655beb4b4e9c62313a4e8da8c676e142cc210d58e/shellingham-1.5.4.tar.gz", hash = "sha256:8dbca0739d487e5bd35ab3ca4b36e11c4078f3a234bfce294b0a0291363404de", size = 10310, upload-time = "2023-10-24T04:13:40.426Z" }
wheels = [
    { url = "https://files.pythonhosted.org/packages/e0/f9/0595336914c5619e5f28a1fb793285925a8cd4b432c9da0a987836c7f822/shellingham-1.5.4-py2.py3-none-any.whl", hash = "sha256:7ecfff8f2fd72616f7481040475a65b2bf8af90a56c89140852d1120324e8686", size = 9755, upload-time = "2023-10-24T04:13:38.866Z" },
]

[[package]]
name = "ty"
version = "0.0.12"
source = { registry = "https://pypi.org/simple" }
sdist = { url = "https://files.pythonhosted.org/packages/b5/78/ba1a4ad403c748fbba8be63b7e774a90e80b67192f6443d624c64fe4aaab/ty-0.0.12.tar.gz", hash = "sha256:cd01810e106c3b652a01b8f784dd21741de9fdc47bd595d02c122a7d5cefeee7", size = 4981303, upload-time = "2026-01-14T22:30:48.537Z" }
wheels = [
    { url = "https://files.pythonhosted.org/packages/7d/8f/c21314d074dda5fb13d3300fa6733fd0d8ff23ea83a721818740665b6314/ty-0.0.12-py3-none-linux_armv6l.whl", hash = "sha256:eb9da1e2c68bd754e090eab39ed65edf95168d36cbeb43ff2bd9f86b4edd56d1", size = 9614164, upload-time = "2026-01-14T22:30:44.016Z" },
    { url = "https://files.pythonhosted.org/packages/09/28/f8a4d944d13519d70c486e8f96d6fa95647ac2aa94432e97d5cfec1f42f6/ty-0.0.12-py3-none-macosx_10_12_x86_64.whl", hash = "sha256:c181f42aa19b0ed7f1b0c2d559980b1f1d77cc09419f51c8321c7ddf67758853", size = 9542337, upload-time = "2026-01-14T22:30:05.687Z" },
    { url = "https://files.pythonhosted.org/packages/e1/9c/f576e360441de7a8201daa6dc4ebc362853bc5305e059cceeb02ebdd9a48/ty-0.0.12-py3-none-macosx_11_0_arm64.whl", hash = "sha256:1f829e1eecd39c3e1b032149db7ae6a3284f72fc36b42436e65243a9ed1173db", size = 8909582, upload-time = "2026-01-14T22:30:46.089Z" },
    { url = "https://files.pythonhosted.org/packages/d6/13/0898e494032a5d8af3060733d12929e3e7716db6c75eac63fa125730a3e7/ty-0.0.12-py3-none-manylinux_2_17_aarch64.manylinux2014_aarch64.whl", hash = "sha256:f45162e7826e1789cf3374627883cdeb0d56b82473a0771923e4572928e90be3", size = 9384932, upload-time = "2026-01-14T22:30:13.769Z" },
    { url = "https://files.pythonhosted.org/packages/e4/1a/b35b6c697008a11d4cedfd34d9672db2f0a0621ec80ece109e13fca4dfef/ty-0.0.12-py3-none-manylinux_2_17_armv7l.manylinux2014_armv7l.whl", hash = "sha256:d11fec40b269bec01e751b2337d1c7ffa959a2c2090a950d7e21c2792442cccd", size = 9453140, upload-time = "2026-01-14T22:30:11.131Z" },
    { url = "https://files.pythonhosted.org/packages/dd/1e/71c9edbc79a3c88a0711324458f29c7dbf6c23452c6e760dc25725483064/ty-0.0.12-py3-none-manylinux_2_17_i686.manylinux2014_i686.whl", hash = "sha256:09d99e37e761a4d2651ad9d5a610d11235fbcbf35dc6d4bc04abf54e7cf894f1", size = 9960680, upload-time = "2026-01-14T22:30:33.621Z" },
    { url = "https://files.pythonhosted.org/packages/0e/75/39375129f62dd22f6ad5a99cd2a42fd27d8b91b235ce2db86875cdad397d/ty-0.0.12-py3-none-manylinux_2_17_ppc64.manylinux2014_ppc64.whl", hash = "sha256:d9ca0cdb17bd37397da7b16a7cd23423fc65c3f9691e453ad46c723d121225a1", size = 10904518, upload-time = "2026-01-14T22:30:08.464Z" },
    { url = "https://files.pythonhosted.org/packages/32/5e/26c6d88fafa11a9d31ca9f4d12989f57782ec61e7291d4802d685b5be118/ty-0.0.12-py3-none-manylinux_2_17_ppc64le.manylinux2014_ppc64le.whl", hash = "sha256:fcf2757b905e7eddb7e456140066335b18eb68b634a9f72d6f54a427ab042c64", size = 10525001, upload-time = "2026-01-14T22:30:16.454Z" },
    { url = "https://files.pythonhosted.org/packages/c2/a5/2f0b91894af13187110f9ad7ee926d86e4e6efa755c9c88a820ed7f84c85/ty-0.0.12-py3-none-manylinux_2_17_s390x.manylinux2014_s390x.whl", hash = "sha256:00cf34c1ebe1147efeda3021a1064baa222c18cdac114b7b050bbe42deb4ca80", size = 10307103, upload-time = "2026-01-14T22:30:41.221Z" },
    { url = "https://files.pythonhosted.org/packages/4b/77/13d0410827e4bc713ebb7fdaf6b3590b37dcb1b82e0a81717b65548f2442/ty-0.0.12-py3-none-manylinux_2_17_x86_64.manylinux2014_x86_64.whl", hash = "sha256:2bb3a655bd869352e9a22938d707631ac9fbca1016242b1f6d132d78f347c851", size = 10072737, upload-time = "2026-01-14T22:30:51.783Z" },
    { url = "https://files.pythonhosted.org/packages/e1/dd/fc36d8bac806c74cf04b4ca735bca14d19967ca84d88f31e121767880df1/ty-0.0.12-py3-none-musllinux_1_2_aarch64.whl", hash = "sha256:4658e282c7cb82be304052f8f64f9925f23c3c4f90eeeb32663c74c4b095d7ba", size = 9368726, upload-time = "2026-01-14T22:30:18.683Z" },
    { url = "https://files.pythonhosted.org/packages/54/70/9e8e461647550f83e2fe54bc632ccbdc17a4909644783cdbdd17f7296059/ty-0.0.12-py3-none-musllinux_1_2_armv7l.whl", hash = "sha256:c167d838eaaa06e03bb66a517f75296b643d950fbd93c1d1686a187e5a8dbd1f", size = 9454704, upload-time = "2026-01-14T22:30:22.759Z" },
    { url = "https://files.pythonhosted.org/packages/04/9b/6292cf7c14a0efeca0539cf7d78f453beff0475cb039fbea0eb5d07d343d/ty-0.0.12-py3-none-musllinux_1_2_i686.whl", hash = "sha256:2956e0c9ab7023533b461d8a0e6b2ea7b78e01a8dde0688e8234d0fce10c4c1c", size = 9649829, upload-time = "2026-01-14T22:30:31.234Z" },
    { url = "https://files.pythonhosted.org/packages/49/bd/472a5d2013371e4870886cff791c94abdf0b92d43d305dd0f8e06b6ff719/ty-0.0.12-py3-none-musllinux_1_2_x86_64.whl", hash = "sha256:5c6a3fd7479580009f21002f3828320621d8a82d53b7ba36993234e3ccad58c8", size = 10162814, upload-time = "2026-01-14T22:30:36.174Z" },
    { url = "https://files.pythonhosted.org/packages/31/e9/2ecbe56826759845a7c21d80aa28187865ea62bc9757b056f6cbc06f78ed/ty-0.0.12-py3-none-win32.whl", hash = "sha256:a91c24fd75c0f1796d8ede9083e2c0ec96f106dbda73a09fe3135e075d31f742", size = 9140115, upload-time = "2026-01-14T22:30:38.903Z" },
    { url = "https://files.pythonhosted.org/packages/5d/6d/d9531eff35a5c0ec9dbc10231fac21f9dd6504814048e81d6ce1c84dc566/ty-0.0.12-py3-none-win_amd64.whl", hash = "sha256:df151894be55c22d47068b0f3b484aff9e638761e2267e115d515fcc9c5b4a4b", size = 9884532, upload-time = "2026-01-14T22:30:25.112Z" },
    { url = "https://files.pythonhosted.org/packages/e9/f3/20b49e75967023b123a221134548ad7000f9429f13fdcdda115b4c26305f/ty-0.0.12-py3-none-win_arm64.whl", hash = "sha256:cea99d334b05629de937ce52f43278acf155d3a316ad6a35356635f886be20ea", size = 9313974, upload-time = "2026-01-14T22:30:27.44Z" },
]

[[package]]
name = "typer"
version = "0.21.1"
source = { registry = "https://pypi.org/simple" }
dependencies = [
    { name = "click" },
    { name = "rich" },
    { name = "shellingham" },
    { name = "typing-extensions" },
]
sdist = { url = "https://files.pythonhosted.org/packages/36/bf/8825b5929afd84d0dabd606c67cd57b8388cb3ec385f7ef19c5cc2202069/typer-0.21.1.tar.gz", hash = "sha256:ea835607cd752343b6b2b7ce676893e5a0324082268b48f27aa058bdb7d2145d", size = 110371, upload-time = "2026-01-06T11:21:10.989Z" }
wheels = [
    { url = "https://files.pythonhosted.org/packages/a0/1d/d9257dd49ff2ca23ea5f132edf1281a0c4f9de8a762b9ae399b670a59235/typer-0.21.1-py3-none-any.whl", hash = "sha256:7985e89081c636b88d172c2ee0cfe33c253160994d47bdfdc302defd7d1f1d01", size = 47381, upload-time = "2026-01-06T11:21:09.824Z" },
]

[[package]]
name = "typing-extensions"
version = "4.15.0"
source = { registry = "https://pypi.org/simple" }
sdist = { url = "https://files.pythonhosted.org/packages/72/94/1a15dd82efb362ac84269196e94cf00f187f7ed21c242792a923cdb1c61f/typing_extensions-4.15.0.tar.gz", hash = "sha256:0cea48d173cc12fa28ecabc3b837ea3cf6f38c6d1136f85cbaaf598984861466", size = 109391, upload-time = "2025-08-25T13:49:26.313Z" }
wheels = [
    { url = "https://files.pythonhosted.org/packages/18/67/36e9267722cc04a6b9f15c7f3441c2363321a3ea07da7ae0c0707beb2a9c/typing_extensions-4.15.0-py3-none-any.whl", hash = "sha256:f0fa19c6845758ab08074a0cfa8b7aecb71c999ca73d62883bc25cc018c4e548", size = 44614, upload-time = "2025-08-25T13:49:24.86Z" },
]

[[package]]
name = "typing-inspection"
version = "0.4.2"
source = { registry = "https://pypi.org/simple" }
dependencies = [
    { name = "typing-extensions" },
]
sdist = { url = "https://files.pythonhosted.org/packages/55/e3/70399cb7dd41c10ac53367ae42139cf4b1ca5f36bb3dc6c9d33acdb43655/typing_inspection-0.4.2.tar.gz", hash = "sha256:ba561c48a67c5958007083d386c3295464928b01faa735ab8547c5692e87f464", size = 75949, upload-time = "2025-10-01T02:14:41.687Z" }
wheels = [
    { url = "https://files.pythonhosted.org/packages/dc/9b/47798a6c91d8bdb567fe2698fe81e0c6b7cb7ef4d13da4114b41d239f65d/typing_inspection-0.4.2-py3-none-any.whl", hash = "sha256:4ed1cacbdc298c220f1bd249ed5287caa16f34d44ef4e9c3d0cbad5b521545e7", size = 14611, upload-time = "2025-10-01T02:14:40.154Z" },
]

[[package]]
name = "uv"
version = "0.9.26"
source = { registry = "https://pypi.org/simple" }
sdist = { url = "https://files.pythonhosted.org/packages/ff/6a/ef4ea19097ecdfd7df6e608f93874536af045c68fd70aa628c667815c458/uv-0.9.26.tar.gz", hash = "sha256:8b7017a01cc48847a7ae26733383a2456dd060fc50d21d58de5ee14f6b6984d7", size = 3790483, upload-time = "2026-01-15T20:51:33.582Z" }
wheels = [
    { url = "https://files.pythonhosted.org/packages/fe/e1/5c0b17833d5e3b51a897957348ff8d937a3cdfc5eea5c4a7075d8d7b9870/uv-0.9.26-py3-none-linux_armv6l.whl", hash = "sha256:7dba609e32b7bd13ef81788d580970c6ff3a8874d942755b442cffa8f25dba57", size = 22638031, upload-time = "2026-01-15T20:51:44.187Z" },
    { url = "https://files.pythonhosted.org/packages/a5/8b/68ac5825a615a8697e324f52ac0b92feb47a0ec36a63759c5f2931f0c3a0/uv-0.9.26-py3-none-macosx_10_12_x86_64.whl", hash = "sha256:b815e3b26eeed00e00f831343daba7a9d99c1506883c189453bb4d215f54faac", size = 21507805, upload-time = "2026-01-15T20:50:42.574Z" },
    { url = "https://files.pythonhosted.org/packages/0d/a2/664a338aefe009f6e38e47455ee2f64a21da7ad431dbcaf8b45d8b1a2b7a/uv-0.9.26-py3-none-macosx_11_0_arm64.whl", hash = "sha256:1b012e6c4dfe767f818cbb6f47d02c207c9b0c82fee69a5de6d26ffb26a3ef3c", size = 20249791, upload-time = "2026-01-15T20:50:49.835Z" },
    { url = "https://files.pythonhosted.org/packages/ba/3d/b8186a7dec1346ca4630c674b760517d28bffa813a01965f4b57596bacf3/uv-0.9.26-py3-none-manylinux_2_17_aarch64.manylinux2014_aarch64.musllinux_1_1_aarch64.whl", hash = "sha256:ea296b700d7c4c27acdfd23ffaef2b0ecdd0aa1b58d942c62ee87df3b30f06ac", size = 22039108, upload-time = "2026-01-15T20:51:00.675Z" },
    { url = "https://files.pythonhosted.org/packages/aa/a9/687fd587e7a3c2c826afe72214fb24b7f07b0d8b0b0300e6a53b554180ea/uv-0.9.26-py3-none-manylinux_2_17_armv7l.manylinux2014_armv7l.musllinux_1_1_armv7l.whl", hash = "sha256:1ba860d2988efc27e9c19f8537a2f9fa499a8b7ebe4afbe2d3d323d72f9aee61", size = 22174763, upload-time = "2026-01-15T20:50:46.471Z" },
    { url = "https://files.pythonhosted.org/packages/38/69/7fa03ee7d59e562fca1426436f15a8c107447d41b34e0899e25ee69abfad/uv-0.9.26-py3-none-manylinux_2_17_armv7l.manylinux2014_armv7l.whl", hash = "sha256:8610bdfc282a681a0a40b90495a478599aa3484c12503ef79ef42cd271fd80fe", size = 22189861, upload-time = "2026-01-15T20:51:15.618Z" },
    { url = "https://files.pythonhosted.org/packages/10/2d/4be446a2ec09f3c428632b00a138750af47c76b0b9f987e9a5b52fef0405/uv-0.9.26-py3-none-manylinux_2_17_i686.manylinux2014_i686.whl", hash = "sha256:c4bf700bd071bd595084b9ee0a8d77c6a0a10ca3773d3771346a2599f306bd9c", size = 23005589, upload-time = "2026-01-15T20:50:57.185Z" },
    { url = "https://files.pythonhosted.org/packages/c3/16/860990b812136695a63a8da9fb5f819c3cf18ea37dcf5852e0e1b795ca0d/uv-0.9.26-py3-none-manylinux_2_17_ppc64.manylinux2014_ppc64.whl", hash = "sha256:89a7beea1c692f76a6f8da13beff3cbb43f7123609e48e03517cc0db5c5de87c", size = 24713505, upload-time = "2026-01-15T20:51:04.366Z" },
    { url = "https://files.pythonhosted.org/packages/01/43/5d7f360d551e62d8f8bf6624b8fca9895cea49ebe5fce8891232d7ed2321/uv-0.9.26-py3-none-manylinux_2_17_ppc64le.manylinux2014_ppc64le.whl", hash = "sha256:182f5c086c7d03ad447e522b70fa29a0302a70bcfefad4b8cd08496828a0e179", size = 24342500, upload-time = "2026-01-15T20:51:47.863Z" },
    { url = "https://files.pythonhosted.org/packages/9b/9c/2bae010a189e7d8e5dc555edcfd053b11ce96fad2301b919ba0d9dd23659/uv-0.9.26-py3-none-manylinux_2_17_s390x.manylinux2014_s390x.whl", hash = "sha256:5d8c62a501f13425b4b0ce1dd4c6b82f3ce5a5179e2549c55f4bb27cc0eb8ef8", size = 23222578, upload-time = "2026-01-15T20:51:36.85Z" },
    { url = "https://files.pythonhosted.org/packages/38/16/a07593a040fe6403c36f3b0a99b309f295cbfe19a1074dbadb671d5d4ef7/uv-0.9.26-py3-none-manylinux_2_17_x86_64.manylinux2014_x86_64.whl", hash = "sha256:b7e89798bd3df7dcc4b2b4ac4e2fc11d6b3ff4fe7d764aa3012d664c635e2922", size = 23250201, upload-time = "2026-01-15T20:51:19.117Z" },
    { url = "https://files.pythonhosted.org/packages/23/a0/45893e15ad3ab842db27c1eb3b8605b9b4023baa5d414e67cfa559a0bff0/uv-0.9.26-py3-none-manylinux_2_28_aarch64.whl", hash = "sha256:60a66f1783ec4efc87b7e1f9bd66e8fd2de3e3b30d122b31cb1487f63a3ea8b7", size = 22229160, upload-time = "2026-01-15T20:51:22.931Z" },
    { url = "https://files.pythonhosted.org/packages/fc/c0/20a597a5c253702a223b5e745cf8c16cd5dd053080f896bb10717b3bedec/uv-0.9.26-py3-none-manylinux_2_31_riscv64.whl", hash = "sha256:63c6a1f1187facba1fb45a2fa45396980631a3427ac11b0e3d9aa3ebcf2c73cf", size = 23090730, upload-time = "2026-01-15T20:51:26.611Z" },
    { url = "https://files.pythonhosted.org/packages/40/c9/744537867d9ab593fea108638b57cca1165a0889cfd989981c942b6de9a5/uv-0.9.26-py3-none-musllinux_1_1_i686.whl", hash = "sha256:c6d8650fbc980ccb348b168266143a9bd4deebc86437537caaf8ff2a39b6ea50", size = 22436632, upload-time = "2026-01-15T20:51:12.045Z" },
    { url = "https://files.pythonhosted.org/packages/6b/e2/be683e30262f2cf02dcb41b6c32910a6939517d50ec45f502614d239feb7/uv-0.9.26-py3-none-musllinux_1_1_x86_64.whl", hash = "sha256:25278f9298aa4dade38241a93d036739b0c87278dcfad1ec1f57e803536bfc49", size = 23480064, upload-time = "2026-01-15T20:50:53.333Z" },
    { url = "https://files.pythonhosted.org/packages/50/3e/4a7e6bc5db2beac9c4966f212805f1903d37d233f2e160737f0b24780ada/uv-0.9.26-py3-none-win32.whl", hash = "sha256:10d075e0193e3a0e6c54f830731c4cb965d6f4e11956e84a7bed7ed61d42aa27", size = 21000052, upload-time = "2026-01-15T20:51:40.753Z" },
    { url = "https://files.pythonhosted.org/packages/07/5d/eb80c6eff2a9f7d5cf35ec84fda323b74aa0054145db28baf72d35a7a301/uv-0.9.26-py3-none-win_amd64.whl", hash = "sha256:0315fc321f5644b12118f9928086513363ed9b29d74d99f1539fda1b6b5478ab", size = 23684930, upload-time = "2026-01-15T20:51:08.448Z" },
    { url = "https://files.pythonhosted.org/packages/ed/9d/3b2631931649b1783f5024796ca8ad2b42a01a829b9ce1202d973cc7bce5/uv-0.9.26-py3-none-win_arm64.whl", hash = "sha256:344ff38749b6cd7b7dfdfb382536f168cafe917ae3a5aa78b7a63746ba2a905b", size = 22158123, upload-time = "2026-01-15T20:51:30.939Z" },
]

[[package]]
name = "win32-setctime"
version = "1.2.0"
source = { registry = "https://pypi.org/simple" }
sdist = { url = "https://files.pythonhosted.org/packages/b3/8f/705086c9d734d3b663af0e9bb3d4de6578d08f46b1b101c2442fd9aecaa2/win32_setctime-1.2.0.tar.gz", hash = "sha256:ae1fdf948f5640aae05c511ade119313fb6a30d7eabe25fef9764dca5873c4c0", size = 4867, upload-time = "2024-12-07T15:28:28.314Z" }
wheels = [
    { url = "https://files.pythonhosted.org/packages/e1/07/c6fe3ad3e685340704d314d765b7912993bcb8dc198f0e7a89382d37974b/win32_setctime-1.2.0-py3-none-any.whl", hash = "sha256:95d644c4e708aba81dc3704a116d8cbc974d70b3bdb8be1d150e36be6e9d1390", size = 4083, upload-time = "2024-12-07T15:28:26.465Z" },
]
